
Microsoft Visual Studio Solution File, Format Version 12.00
# Visual Studio 14
VisualStudioVersion = 14.0.25420.1
MinimumVisualStudioVersion = 10.0.40219.1
Project("{8BC9CEB8-8B4A-11D0-8D11-00A0C91BC942}") = "mhook", "mhook.vcxproj", "{A54FEA63-C725-4B58-A62A-73F8013F7196}"
EndProject
Project("{8BC9CEB8-8B4A-11D0-8D11-00A0C91BC942}") = "mhook-test", "mhook-test.vcxproj", "{93FB4456-CFCA-42C0-9B0C-1CEC2B96F7F6}"
	ProjectSection(ProjectDependencies) = postProject
		{A54FEA63-C725-4B58-A62A-73F8013F7196} = {A54FEA63-C725-4B58-A62A-73F8013F7196}
	EndProjectSection
EndProject
Global
	GlobalSection(SolutionConfigurationPlatforms) = preSolution
		Debug|x64 = Debug|x64
		Debug|x86 = Debug|x86
		Release|x64 = Release|x64
		Release|x86 = Release|x86
	EndGlobalSection
	GlobalSection(ProjectConfigurationPlatforms) = postSolution
		{A54FEA63-C725-4B58-A62A-73F8013F7196}.Debug|x64.ActiveCfg = Debug|x64
		{A54FEA63-C725-4B58-A62A-73F8013F7196}.Debug|x64.Build.0 = Debug|x64
		{A54FEA63-C725-4B58-A62A-73F8013F7196}.Debug|x86.ActiveCfg = Debug|Win32
		{A54FEA63-C725-4B58-A62A-73F8013F7196}.Debug|x86.Build.0 = Debug|Win32
		{A54FEA63-C725-4B58-A62A-73F8013F7196}.Release|x64.ActiveCfg = Release|x64
		{A54FEA63-C725-4B58-A62A-73F8013F7196}.Release|x64.Build.0 = Release|x64
		{A54FEA63-C725-4B58-A62A-73F8013F7196}.Release|x86.ActiveCfg = Release|Win32
		{A54FEA63-C725-4B58-A62A-73F8013F7196}.Release|x86.Build.0 = Release|Win32
		{93FB4456-CFCA-42C0-9B0C-1CEC2B96F7F6}.Debug|x64.ActiveCfg = Debug|x64
		{93FB4456-CFCA-42C0-9B0C-1CEC2B96F7F6}.Debug|x64.Build.0 = Debug|x64
		{93FB4456-CFCA-42C0-9B0C-1CEC2B96F7F6}.Debug|x86.ActiveCfg = Debug|Win32
		{93FB4456-CFCA-42C0-9B0C-1CEC2B96F7F6}.Debug|x86.Build.0 = Debug|Win32
		{93FB4456-CFCA-42C0-9B0C-1CEC2B96F7F6}.Release|x64.ActiveCfg = Release|x64
		{93FB4456-CFCA-42C0-9B0C-1CEC2B96F7F6}.Release|x64.Build.0 = Release|x64
		{93FB4456-CFCA-42C0-9B0C-1CEC2B96F7F6}.Release|x86.ActiveCfg = Release|Win32
		{93FB4456-CFCA-42C0-9B0C-1CEC2B96F7F6}.Release|x86.Build.0 = Release|Win32
	EndGlobalSection
	GlobalSection(SolutionProperties) = preSolution
		HideSolutionNode = FALSE
	EndGlobalSection
EndGlobal
